
Microsoft Visual Studio Solution File, Format Version 12.00
# Visual Studio 15
Project("{FAE04EC0-301F-11D3-BF4B-00C04F79EFBC}") = "B7", "HW03\B7\B7.csproj", "{7BB77273-153B-4C24-B032-FD2EDA2EEB6A}"
EndProject
Project("{FAE04EC0-301F-11D3-BF4B-00C04F79EFBC}") = "B8", "HW03\B8\B8.csproj", "{3F951B40-57D2-45B3-820B-DD4C148EE4FC}"
EndProject
Project("{FAE04EC0-301F-11D3-BF4B-00C04F79EFBC}") = "B9", "HW03\B9\B9.csproj", "{EE1031EE-C843-4DC8-BE0B-D2F765CFFD83}"
EndProject
Project("{FAE04EC0-301F-11D3-BF4B-00C04F79EFBC}") = "C10", "HW03\C10\C10.csproj", "{E49B7A8A-E0F1-47DA-807C-70DD6B136291}"
EndProject
Project("{FAE04EC0-301F-11D3-BF4B-00C04F79EFBC}") = "C11", "HW03\C11\C11.csproj", "{05D4E9F8-DE24-4295-A5EF-3F6C9A4F982C}"
EndProject
Project("{FAE04EC0-301F-11D3-BF4B-00C04F79EFBC}") = "C12", "HW03\C12\C12.csproj", "{1824BDC4-010C-436E-8C15-C8B15F476E4C}"
EndProject
Project("{FAE04EC0-301F-11D3-BF4B-00C04F79EFBC}") = "C13", "HW03\C13\C13.csproj", "{E18FD8D6-1003-49CF-911E-59D03BAD7F02}"
EndProject
Project("{FAE04EC0-301F-11D3-BF4B-00C04F79EFBC}") = "C14", "HW03\C14\C14.csproj", "{CF1EB9F8-5C05-4C76-8FE3-EC9E1AF186B2}"
EndProject
Project("{FAE04EC0-301F-11D3-BF4B-00C04F79EFBC}") = "C15", "HW03\C15\C15.csproj", "{79204B59-B92C-43F2-A11D-FFBE7C15AC97}"
EndProject
Project("{FAE04EC0-301F-11D3-BF4B-00C04F79EFBC}") = "C16", "HW03\C16\C16.csproj", "{1B756F0E-98F5-4877-9E70-DB17C8FF4E66}"
EndProject
Project("{FAE04EC0-301F-11D3-BF4B-00C04F79EFBC}") = "B1", "HW03\B1\B1.csproj", "{CB16DD21-17EA-4F76-8BF8-6BA5A3FB50E6}"
EndProject
Project("{FAE04EC0-301F-11D3-BF4B-00C04F79EFBC}") = "B2", "HW03\B2\B2.csproj", "{345A2BCE-D80A-4A48-9931-46889B3FDFA3}"
EndProject
Project("{FAE04EC0-301F-11D3-BF4B-00C04F79EFBC}") = "B3", "HW03\B3\B3.csproj", "{3F8FEA59-6B6C-47C6-BF29-816347E2864E}"
EndProject
Project("{FAE04EC0-301F-11D3-BF4B-00C04F79EFBC}") = "B4", "HW03\B4\B4.csproj", "{EC61FEC0-84CD-4A62-B89B-0C77ABA09F3E}"
EndProject
Project("{FAE04EC0-301F-11D3-BF4B-00C04F79EFBC}") = "B5", "HW03\B5\B5.csproj", "{E8E5245C-4E80-4796-BE47-FEC164D83B34}"
EndProject
Project("{FAE04EC0-301F-11D3-BF4B-00C04F79EFBC}") = "B6", "HW03\B6\B6.csproj", "{8582A146-17C8-43BA-92FE-1273C93FFEBE}"
EndProject
Project("{2150E333-8FDC-42A3-9474-1A3956D46DE8}") = "HW03", "HW03", "{B16C7907-A7A6-4648-BD7B-0433DCEF259C}"
EndProject
Project("{2150E333-8FDC-42A3-9474-1A3956D46DE8}") = "HW02", "HW02", "{603DC62C-33AD-4F9A-BF95-A58590F91ABC}"
EndProject
Project("{FAE04EC0-301F-11D3-BF4B-00C04F79EFBC}") = "B1B2", "HW02\B1B2\B1B2.csproj", "{99690ECA-9869-40E2-971D-12E344CE6077}"
EndProject
Project("{FAE04EC0-301F-11D3-BF4B-00C04F79EFBC}") = "B3", "HW02\B3\B3.csproj", "{0AA33D78-69B1-4113-9464-8030DC95A407}"
EndProject
Project("{FAE04EC0-301F-11D3-BF4B-00C04F79EFBC}") = "C", "HW02\C\C.csproj", "{C9A02ECC-39D8-4A63-8A87-04833FBC379E}"
EndProject
Project("{FAE04EC0-301F-11D3-BF4B-00C04F79EFBC}") = "C4", "HW02\C4\C4.csproj", "{767BE530-C9AD-4D70-9479-94126C15BAC4}"
EndProject
Project("{FAE04EC0-301F-11D3-BF4B-00C04F79EFBC}") = "D", "HW02\D\D.csproj", "{D418F854-1E77-4417-8EB9-C4ECE8212FE1}"
EndProject
Project("{2150E333-8FDC-42A3-9474-1A3956D46DE8}") = "HW04", "HW04", "{6C29555E-51C0-4A34-A390-640FA856C894}"
EndProject
Project("{FAE04EC0-301F-11D3-BF4B-00C04F79EFBC}") = "B_1", "HW04\B_1\B_1.csproj", "{4967FAA0-BD82-4A89-9C44-2D7874205A3D}"
EndProject
Project("{FAE04EC0-301F-11D3-BF4B-00C04F79EFBC}") = "B_2", "HW04\B_2\B_2.csproj", "{EE80B735-A4D9-473A-B6C2-856D5219772D}"
EndProject
Project("{FAE04EC0-301F-11D3-BF4B-00C04F79EFBC}") = "B2_3", "HW04\B2_3\B2_3.csproj", "{B73FC3B4-EAD1-4F2A-92C5-FCCCA07AC655}"
EndProject
Project("{FAE04EC0-301F-11D3-BF4B-00C04F79EFBC}") = "B2_4", "HW04\B2_4\B2_4.csproj", "{52E64174-31DD-40EC-8B17-C14062D1F86F}"
EndProject
Project("{FAE04EC0-301F-11D3-BF4B-00C04F79EFBC}") = "C_4", "HW04\C_4\C_4.csproj", "{2D05ED8B-3739-46BA-B769-CDB671B43876}"
EndProject
Project("{2150E333-8FDC-42A3-9474-1A3956D46DE8}") = "HW05", "HW05", "{B9F8A8D8-42F2-44B7-BA35-528B1D806EC1}"
EndProject
Project("{FAE04EC0-301F-11D3-BF4B-00C04F79EFBC}") = "C.1", "HW05\C.1\C.1.csproj", "{F7FDE49D-395A-4587-B603-AFE5C832ECE4}"
EndProject
Project("{FAE04EC0-301F-11D3-BF4B-00C04F79EFBC}") = "C.2", "HW05\C.2\C.2.csproj", "{C8E5AA11-6B7B-4696-9625-2BD0A696717E}"
EndProject
Project("{FAE04EC0-301F-11D3-BF4B-00C04F79EFBC}") = "C.3", "HW05\C.3\C.3.csproj", "{A4C69FBC-52C6-49C3-9B53-64E57EED70C3}"
EndProject
Project("{FAE04EC0-301F-11D3-BF4B-00C04F79EFBC}") = "C.4", "HW05\C.4\C.4.csproj", "{4BDC9450-0355-4902-9188-4A3505ACBB21}"
EndProject
Project("{FAE04EC0-301F-11D3-BF4B-00C04F79EFBC}") = "C.5", "HW05\C.5\C.5.csproj", "{6BBCDCA4-9C22-489D-9427-366AEF640579}"
EndProject
Global
	GlobalSection(SolutionConfigurationPlatforms) = preSolution
		Debug|anycpu = Debug|anycpu
		Release|anycpu = Release|anycpu
	EndGlobalSection
	GlobalSection(ProjectConfigurationPlatforms) = postSolution
		{7BB77273-153B-4C24-B032-FD2EDA2EEB6A}.Debug|anycpu.ActiveCfg = Debug|anycpu
		{7BB77273-153B-4C24-B032-FD2EDA2EEB6A}.Debug|anycpu.Build.0 = Debug|anycpu
		{7BB77273-153B-4C24-B032-FD2EDA2EEB6A}.Release|anycpu.ActiveCfg = Release|anycpu
		{7BB77273-153B-4C24-B032-FD2EDA2EEB6A}.Release|anycpu.Build.0 = Release|anycpu
		{3F951B40-57D2-45B3-820B-DD4C148EE4FC}.Debug|anycpu.ActiveCfg = Debug|anycpu
		{3F951B40-57D2-45B3-820B-DD4C148EE4FC}.Debug|anycpu.Build.0 = Debug|anycpu
		{3F951B40-57D2-45B3-820B-DD4C148EE4FC}.Release|anycpu.ActiveCfg = Release|anycpu
		{3F951B40-57D2-45B3-820B-DD4C148EE4FC}.Release|anycpu.Build.0 = Release|anycpu
		{EE1031EE-C843-4DC8-BE0B-D2F765CFFD83}.Debug|anycpu.ActiveCfg = Debug|anycpu
		{EE1031EE-C843-4DC8-BE0B-D2F765CFFD83}.Debug|anycpu.Build.0 = Debug|anycpu
		{EE1031EE-C843-4DC8-BE0B-D2F765CFFD83}.Release|anycpu.ActiveCfg = Release|anycpu
		{EE1031EE-C843-4DC8-BE0B-D2F765CFFD83}.Release|anycpu.Build.0 = Release|anycpu
		{E49B7A8A-E0F1-47DA-807C-70DD6B136291}.Debug|anycpu.ActiveCfg = Debug|anycpu
		{E49B7A8A-E0F1-47DA-807C-70DD6B136291}.Debug|anycpu.Build.0 = Debug|anycpu
		{E49B7A8A-E0F1-47DA-807C-70DD6B136291}.Release|anycpu.ActiveCfg = Release|anycpu
		{E49B7A8A-E0F1-47DA-807C-70DD6B136291}.Release|anycpu.Build.0 = Release|anycpu
		{05D4E9F8-DE24-4295-A5EF-3F6C9A4F982C}.Debug|anycpu.ActiveCfg = Debug|anycpu
		{05D4E9F8-DE24-4295-A5EF-3F6C9A4F982C}.Debug|anycpu.Build.0 = Debug|anycpu
		{05D4E9F8-DE24-4295-A5EF-3F6C9A4F982C}.Release|anycpu.ActiveCfg = Release|anycpu
		{05D4E9F8-DE24-4295-A5EF-3F6C9A4F982C}.Release|anycpu.Build.0 = Release|anycpu
		{1824BDC4-010C-436E-8C15-C8B15F476E4C}.Debug|anycpu.ActiveCfg = Debug|anycpu
		{1824BDC4-010C-436E-8C15-C8B15F476E4C}.Debug|anycpu.Build.0 = Debug|anycpu
		{1824BDC4-010C-436E-8C15-C8B15F476E4C}.Release|anycpu.ActiveCfg = Release|anycpu
		{1824BDC4-010C-436E-8C15-C8B15F476E4C}.Release|anycpu.Build.0 = Release|anycpu
		{E18FD8D6-1003-49CF-911E-59D03BAD7F02}.Debug|anycpu.ActiveCfg = Debug|anycpu
		{E18FD8D6-1003-49CF-911E-59D03BAD7F02}.Debug|anycpu.Build.0 = Debug|anycpu
		{E18FD8D6-1003-49CF-911E-59D03BAD7F02}.Release|anycpu.ActiveCfg = Release|anycpu
		{E18FD8D6-1003-49CF-911E-59D03BAD7F02}.Release|anycpu.Build.0 = Release|anycpu
		{CF1EB9F8-5C05-4C76-8FE3-EC9E1AF186B2}.Debug|anycpu.ActiveCfg = Debug|anycpu
		{CF1EB9F8-5C05-4C76-8FE3-EC9E1AF186B2}.Debug|anycpu.Build.0 = Debug|anycpu
		{CF1EB9F8-5C05-4C76-8FE3-EC9E1AF186B2}.Release|anycpu.ActiveCfg = Release|anycpu
		{CF1EB9F8-5C05-4C76-8FE3-EC9E1AF186B2}.Release|anycpu.Build.0 = Release|anycpu
		{79204B59-B92C-43F2-A11D-FFBE7C15AC97}.Debug|anycpu.ActiveCfg = Debug|anycpu
		{79204B59-B92C-43F2-A11D-FFBE7C15AC97}.Debug|anycpu.Build.0 = Debug|anycpu
		{79204B59-B92C-43F2-A11D-FFBE7C15AC97}.Release|anycpu.ActiveCfg = Release|anycpu
		{79204B59-B92C-43F2-A11D-FFBE7C15AC97}.Release|anycpu.Build.0 = Release|anycpu
		{1B756F0E-98F5-4877-9E70-DB17C8FF4E66}.Debug|anycpu.ActiveCfg = Debug|anycpu
		{1B756F0E-98F5-4877-9E70-DB17C8FF4E66}.Debug|anycpu.Build.0 = Debug|anycpu
		{1B756F0E-98F5-4877-9E70-DB17C8FF4E66}.Release|anycpu.ActiveCfg = Release|anycpu
		{1B756F0E-98F5-4877-9E70-DB17C8FF4E66}.Release|anycpu.Build.0 = Release|anycpu
		{CB16DD21-17EA-4F76-8BF8-6BA5A3FB50E6}.Debug|anycpu.ActiveCfg = Debug|anycpu
		{CB16DD21-17EA-4F76-8BF8-6BA5A3FB50E6}.Debug|anycpu.Build.0 = Debug|anycpu
		{CB16DD21-17EA-4F76-8BF8-6BA5A3FB50E6}.Release|anycpu.ActiveCfg = Release|anycpu
		{CB16DD21-17EA-4F76-8BF8-6BA5A3FB50E6}.Release|anycpu.Build.0 = Release|anycpu
		{345A2BCE-D80A-4A48-9931-46889B3FDFA3}.Debug|anycpu.ActiveCfg = Debug|anycpu
		{345A2BCE-D80A-4A48-9931-46889B3FDFA3}.Debug|anycpu.Build.0 = Debug|anycpu
		{345A2BCE-D80A-4A48-9931-46889B3FDFA3}.Release|anycpu.ActiveCfg = Release|anycpu
		{345A2BCE-D80A-4A48-9931-46889B3FDFA3}.Release|anycpu.Build.0 = Release|anycpu
		{3F8FEA59-6B6C-47C6-BF29-816347E2864E}.Debug|anycpu.ActiveCfg = Debug|anycpu
		{3F8FEA59-6B6C-47C6-BF29-816347E2864E}.Debug|anycpu.Build.0 = Debug|anycpu
		{3F8FEA59-6B6C-47C6-BF29-816347E2864E}.Release|anycpu.ActiveCfg = Release|anycpu
		{3F8FEA59-6B6C-47C6-BF29-816347E2864E}.Release|anycpu.Build.0 = Release|anycpu
		{EC61FEC0-84CD-4A62-B89B-0C77ABA09F3E}.Debug|anycpu.ActiveCfg = Debug|anycpu
		{EC61FEC0-84CD-4A62-B89B-0C77ABA09F3E}.Debug|anycpu.Build.0 = Debug|anycpu
		{EC61FEC0-84CD-4A62-B89B-0C77ABA09F3E}.Release|anycpu.ActiveCfg = Release|anycpu
		{EC61FEC0-84CD-4A62-B89B-0C77ABA09F3E}.Release|anycpu.Build.0 = Release|anycpu
		{E8E5245C-4E80-4796-BE47-FEC164D83B34}.Debug|anycpu.ActiveCfg = Debug|anycpu
		{E8E5245C-4E80-4796-BE47-FEC164D83B34}.Debug|anycpu.Build.0 = Debug|anycpu
		{E8E5245C-4E80-4796-BE47-FEC164D83B34}.Release|anycpu.ActiveCfg = Release|anycpu
		{E8E5245C-4E80-4796-BE47-FEC164D83B34}.Release|anycpu.Build.0 = Release|anycpu
		{8582A146-17C8-43BA-92FE-1273C93FFEBE}.Debug|anycpu.ActiveCfg = Debug|anycpu
		{8582A146-17C8-43BA-92FE-1273C93FFEBE}.Debug|anycpu.Build.0 = Debug|anycpu
		{8582A146-17C8-43BA-92FE-1273C93FFEBE}.Release|anycpu.ActiveCfg = Release|anycpu
		{8582A146-17C8-43BA-92FE-1273C93FFEBE}.Release|anycpu.Build.0 = Release|anycpu
		{99690ECA-9869-40E2-971D-12E344CE6077}.Debug|anycpu.ActiveCfg = Debug|anycpu
		{99690ECA-9869-40E2-971D-12E344CE6077}.Debug|anycpu.Build.0 = Debug|anycpu
		{99690ECA-9869-40E2-971D-12E344CE6077}.Release|anycpu.ActiveCfg = Release|anycpu
		{99690ECA-9869-40E2-971D-12E344CE6077}.Release|anycpu.Build.0 = Release|anycpu
		{0AA33D78-69B1-4113-9464-8030DC95A407}.Debug|anycpu.ActiveCfg = Debug|anycpu
		{0AA33D78-69B1-4113-9464-8030DC95A407}.Debug|anycpu.Build.0 = Debug|anycpu
		{0AA33D78-69B1-4113-9464-8030DC95A407}.Release|anycpu.ActiveCfg = Release|anycpu
		{0AA33D78-69B1-4113-9464-8030DC95A407}.Release|anycpu.Build.0 = Release|anycpu
		{C9A02ECC-39D8-4A63-8A87-04833FBC379E}.Debug|anycpu.ActiveCfg = Debug|anycpu
		{C9A02ECC-39D8-4A63-8A87-04833FBC379E}.Debug|anycpu.Build.0 = Debug|anycpu
		{C9A02ECC-39D8-4A63-8A87-04833FBC379E}.Release|anycpu.ActiveCfg = Release|anycpu
		{C9A02ECC-39D8-4A63-8A87-04833FBC379E}.Release|anycpu.Build.0 = Release|anycpu
		{767BE530-C9AD-4D70-9479-94126C15BAC4}.Debug|anycpu.ActiveCfg = Debug|anycpu
		{767BE530-C9AD-4D70-9479-94126C15BAC4}.Debug|anycpu.Build.0 = Debug|anycpu
		{767BE530-C9AD-4D70-9479-94126C15BAC4}.Release|anycpu.ActiveCfg = Release|anycpu
		{767BE530-C9AD-4D70-9479-94126C15BAC4}.Release|anycpu.Build.0 = Release|anycpu
		{D418F854-1E77-4417-8EB9-C4ECE8212FE1}.Debug|anycpu.ActiveCfg = Debug|anycpu
		{D418F854-1E77-4417-8EB9-C4ECE8212FE1}.Debug|anycpu.Build.0 = Debug|anycpu
		{D418F854-1E77-4417-8EB9-C4ECE8212FE1}.Release|anycpu.ActiveCfg = Release|anycpu
		{D418F854-1E77-4417-8EB9-C4ECE8212FE1}.Release|anycpu.Build.0 = Release|anycpu
		{4967FAA0-BD82-4A89-9C44-2D7874205A3D}.Debug|anycpu.ActiveCfg = Debug|anycpu
		{4967FAA0-BD82-4A89-9C44-2D7874205A3D}.Debug|anycpu.Build.0 = Debug|anycpu
		{4967FAA0-BD82-4A89-9C44-2D7874205A3D}.Release|anycpu.ActiveCfg = Release|anycpu
		{4967FAA0-BD82-4A89-9C44-2D7874205A3D}.Release|anycpu.Build.0 = Release|anycpu
		{EE80B735-A4D9-473A-B6C2-856D5219772D}.Debug|anycpu.ActiveCfg = Debug|anycpu
		{EE80B735-A4D9-473A-B6C2-856D5219772D}.Debug|anycpu.Build.0 = Debug|anycpu
		{EE80B735-A4D9-473A-B6C2-856D5219772D}.Release|anycpu.ActiveCfg = Release|anycpu
		{EE80B735-A4D9-473A-B6C2-856D5219772D}.Release|anycpu.Build.0 = Release|anycpu
		{B73FC3B4-EAD1-4F2A-92C5-FCCCA07AC655}.Debug|anycpu.ActiveCfg = Debug|anycpu
		{B73FC3B4-EAD1-4F2A-92C5-FCCCA07AC655}.Debug|anycpu.Build.0 = Debug|anycpu
		{B73FC3B4-EAD1-4F2A-92C5-FCCCA07AC655}.Release|anycpu.ActiveCfg = Release|anycpu
		{B73FC3B4-EAD1-4F2A-92C5-FCCCA07AC655}.Release|anycpu.Build.0 = Release|anycpu
		{52E64174-31DD-40EC-8B17-C14062D1F86F}.Debug|anycpu.ActiveCfg = Debug|anycpu
		{52E64174-31DD-40EC-8B17-C14062D1F86F}.Debug|anycpu.Build.0 = Debug|anycpu
		{52E64174-31DD-40EC-8B17-C14062D1F86F}.Release|anycpu.ActiveCfg = Release|anycpu
		{52E64174-31DD-40EC-8B17-C14062D1F86F}.Release|anycpu.Build.0 = Release|anycpu
		{2D05ED8B-3739-46BA-B769-CDB671B43876}.Debug|anycpu.ActiveCfg = Debug|anycpu
		{2D05ED8B-3739-46BA-B769-CDB671B43876}.Debug|anycpu.Build.0 = Debug|anycpu
		{2D05ED8B-3739-46BA-B769-CDB671B43876}.Release|anycpu.ActiveCfg = Release|anycpu
		{2D05ED8B-3739-46BA-B769-CDB671B43876}.Release|anycpu.Build.0 = Release|anycpu
		{F7FDE49D-395A-4587-B603-AFE5C832ECE4}.Debug|anycpu.ActiveCfg = Debug|anycpu
		{F7FDE49D-395A-4587-B603-AFE5C832ECE4}.Debug|anycpu.Build.0 = Debug|anycpu
		{F7FDE49D-395A-4587-B603-AFE5C832ECE4}.Release|anycpu.ActiveCfg = Release|anycpu
		{F7FDE49D-395A-4587-B603-AFE5C832ECE4}.Release|anycpu.Build.0 = Release|anycpu
		{C8E5AA11-6B7B-4696-9625-2BD0A696717E}.Debug|anycpu.ActiveCfg = Debug|anycpu
		{C8E5AA11-6B7B-4696-9625-2BD0A696717E}.Debug|anycpu.Build.0 = Debug|anycpu
		{C8E5AA11-6B7B-4696-9625-2BD0A696717E}.Release|anycpu.ActiveCfg = Release|anycpu
		{C8E5AA11-6B7B-4696-9625-2BD0A696717E}.Release|anycpu.Build.0 = Release|anycpu
		{A4C69FBC-52C6-49C3-9B53-64E57EED70C3}.Debug|anycpu.ActiveCfg = Debug|anycpu
		{A4C69FBC-52C6-49C3-9B53-64E57EED70C3}.Debug|anycpu.Build.0 = Debug|anycpu
		{A4C69FBC-52C6-49C3-9B53-64E57EED70C3}.Release|anycpu.ActiveCfg = Release|anycpu
		{A4C69FBC-52C6-49C3-9B53-64E57EED70C3}.Release|anycpu.Build.0 = Release|anycpu
		{4BDC9450-0355-4902-9188-4A3505ACBB21}.Debug|anycpu.ActiveCfg = Debug|anycpu
		{4BDC9450-0355-4902-9188-4A3505ACBB21}.Debug|anycpu.Build.0 = Debug|anycpu
		{4BDC9450-0355-4902-9188-4A3505ACBB21}.Release|anycpu.ActiveCfg = Release|anycpu
		{4BDC9450-0355-4902-9188-4A3505ACBB21}.Release|anycpu.Build.0 = Release|anycpu
		{6BBCDCA4-9C22-489D-9427-366AEF640579}.Debug|anycpu.ActiveCfg = Debug|anycpu
		{6BBCDCA4-9C22-489D-9427-366AEF640579}.Debug|anycpu.Build.0 = Debug|anycpu
		{6BBCDCA4-9C22-489D-9427-366AEF640579}.Release|anycpu.ActiveCfg = Release|anycpu
		{6BBCDCA4-9C22-489D-9427-366AEF640579}.Release|anycpu.Build.0 = Release|anycpu
	EndGlobalSection
	GlobalSection(NestedProjects) = preSolution
		{CB16DD21-17EA-4F76-8BF8-6BA5A3FB50E6} = {B16C7907-A7A6-4648-BD7B-0433DCEF259C}
		{345A2BCE-D80A-4A48-9931-46889B3FDFA3} = {B16C7907-A7A6-4648-BD7B-0433DCEF259C}
		{3F8FEA59-6B6C-47C6-BF29-816347E2864E} = {B16C7907-A7A6-4648-BD7B-0433DCEF259C}
		{EC61FEC0-84CD-4A62-B89B-0C77ABA09F3E} = {B16C7907-A7A6-4648-BD7B-0433DCEF259C}
		{E8E5245C-4E80-4796-BE47-FEC164D83B34} = {B16C7907-A7A6-4648-BD7B-0433DCEF259C}
		{8582A146-17C8-43BA-92FE-1273C93FFEBE} = {B16C7907-A7A6-4648-BD7B-0433DCEF259C}
		{7BB77273-153B-4C24-B032-FD2EDA2EEB6A} = {B16C7907-A7A6-4648-BD7B-0433DCEF259C}
		{3F951B40-57D2-45B3-820B-DD4C148EE4FC} = {B16C7907-A7A6-4648-BD7B-0433DCEF259C}
		{EE1031EE-C843-4DC8-BE0B-D2F765CFFD83} = {B16C7907-A7A6-4648-BD7B-0433DCEF259C}
		{E49B7A8A-E0F1-47DA-807C-70DD6B136291} = {B16C7907-A7A6-4648-BD7B-0433DCEF259C}
		{05D4E9F8-DE24-4295-A5EF-3F6C9A4F982C} = {B16C7907-A7A6-4648-BD7B-0433DCEF259C}
		{1824BDC4-010C-436E-8C15-C8B15F476E4C} = {B16C7907-A7A6-4648-BD7B-0433DCEF259C}
		{E18FD8D6-1003-49CF-911E-59D03BAD7F02} = {B16C7907-A7A6-4648-BD7B-0433DCEF259C}
		{CF1EB9F8-5C05-4C76-8FE3-EC9E1AF186B2} = {B16C7907-A7A6-4648-BD7B-0433DCEF259C}
		{79204B59-B92C-43F2-A11D-FFBE7C15AC97} = {B16C7907-A7A6-4648-BD7B-0433DCEF259C}
		{1B756F0E-98F5-4877-9E70-DB17C8FF4E66} = {B16C7907-A7A6-4648-BD7B-0433DCEF259C}
		{99690ECA-9869-40E2-971D-12E344CE6077} = {603DC62C-33AD-4F9A-BF95-A58590F91ABC}
		{0AA33D78-69B1-4113-9464-8030DC95A407} = {603DC62C-33AD-4F9A-BF95-A58590F91ABC}
		{C9A02ECC-39D8-4A63-8A87-04833FBC379E} = {603DC62C-33AD-4F9A-BF95-A58590F91ABC}
		{767BE530-C9AD-4D70-9479-94126C15BAC4} = {603DC62C-33AD-4F9A-BF95-A58590F91ABC}
		{D418F854-1E77-4417-8EB9-C4ECE8212FE1} = {603DC62C-33AD-4F9A-BF95-A58590F91ABC}
		{4967FAA0-BD82-4A89-9C44-2D7874205A3D} = {6C29555E-51C0-4A34-A390-640FA856C894}
		{EE80B735-A4D9-473A-B6C2-856D5219772D} = {6C29555E-51C0-4A34-A390-640FA856C894}
		{B73FC3B4-EAD1-4F2A-92C5-FCCCA07AC655} = {6C29555E-51C0-4A34-A390-640FA856C894}
		{52E64174-31DD-40EC-8B17-C14062D1F86F} = {6C29555E-51C0-4A34-A390-640FA856C894}
		{2D05ED8B-3739-46BA-B769-CDB671B43876} = {6C29555E-51C0-4A34-A390-640FA856C894}
		{F7FDE49D-395A-4587-B603-AFE5C832ECE4} = {B9F8A8D8-42F2-44B7-BA35-528B1D806EC1}
		{C8E5AA11-6B7B-4696-9625-2BD0A696717E} = {B9F8A8D8-42F2-44B7-BA35-528B1D806EC1}
		{A4C69FBC-52C6-49C3-9B53-64E57EED70C3} = {B9F8A8D8-42F2-44B7-BA35-528B1D806EC1}
		{4BDC9450-0355-4902-9188-4A3505ACBB21} = {B9F8A8D8-42F2-44B7-BA35-528B1D806EC1}
		{6BBCDCA4-9C22-489D-9427-366AEF640579} = {B9F8A8D8-42F2-44B7-BA35-528B1D806EC1}
	EndGlobalSection
EndGlobal
