
Microsoft Visual Studio Solution File, Format Version 12.00
# Visual Studio 15
Project("{FAE04EC0-301F-11D3-BF4B-00C04F79EFBC}") = "B2", "B2\B2.csproj", "{95A6B7E5-8BE2-4DE5-8503-6F0183E13A43}"
EndProject
Project("{FAE04EC0-301F-11D3-BF4B-00C04F79EFBC}") = "B4", "B4\B4.csproj", "{EC0A0956-104E-4F60-B80F-47034024000C}"
EndProject
Project("{FAE04EC0-301F-11D3-BF4B-00C04F79EFBC}") = "B5", "B5\B5.csproj", "{43EE73BD-CA41-4A52-84A9-8BFAA2312667}"
EndProject
Project("{FAE04EC0-301F-11D3-BF4B-00C04F79EFBC}") = "B6", "B6\B6.csproj", "{AB28B007-17B2-407C-8808-9D83363B2CF0}"
EndProject
Project("{FAE04EC0-301F-11D3-BF4B-00C04F79EFBC}") = "B1", "B1\B1.csproj", "{44341E88-E8B2-41B2-916A-CB307B32DA38}"
EndProject
Project("{FAE04EC0-301F-11D3-BF4B-00C04F79EFBC}") = "B3", "B3\B3.csproj", "{E8A1F21E-DFA6-4CC5-9D1A-FFFFCBB235DD}"
EndProject
Global
	GlobalSection(SolutionConfigurationPlatforms) = preSolution
		Debug|anycpu = Debug|anycpu
		Release|anycpu = Release|anycpu
	EndGlobalSection
	GlobalSection(ProjectConfigurationPlatforms) = postSolution
		{95A6B7E5-8BE2-4DE5-8503-6F0183E13A43}.Debug|anycpu.ActiveCfg = Debug|anycpu
		{95A6B7E5-8BE2-4DE5-8503-6F0183E13A43}.Debug|anycpu.Build.0 = Debug|anycpu
		{95A6B7E5-8BE2-4DE5-8503-6F0183E13A43}.Release|anycpu.ActiveCfg = Release|anycpu
		{95A6B7E5-8BE2-4DE5-8503-6F0183E13A43}.Release|anycpu.Build.0 = Release|anycpu
		{EC0A0956-104E-4F60-B80F-47034024000C}.Debug|anycpu.ActiveCfg = Debug|anycpu
		{EC0A0956-104E-4F60-B80F-47034024000C}.Debug|anycpu.Build.0 = Debug|anycpu
		{EC0A0956-104E-4F60-B80F-47034024000C}.Release|anycpu.ActiveCfg = Release|anycpu
		{EC0A0956-104E-4F60-B80F-47034024000C}.Release|anycpu.Build.0 = Release|anycpu
		{43EE73BD-CA41-4A52-84A9-8BFAA2312667}.Debug|anycpu.ActiveCfg = Debug|anycpu
		{43EE73BD-CA41-4A52-84A9-8BFAA2312667}.Debug|anycpu.Build.0 = Debug|anycpu
		{43EE73BD-CA41-4A52-84A9-8BFAA2312667}.Release|anycpu.ActiveCfg = Release|anycpu
		{43EE73BD-CA41-4A52-84A9-8BFAA2312667}.Release|anycpu.Build.0 = Release|anycpu
		{AB28B007-17B2-407C-8808-9D83363B2CF0}.Debug|anycpu.ActiveCfg = Debug|anycpu
		{AB28B007-17B2-407C-8808-9D83363B2CF0}.Debug|anycpu.Build.0 = Debug|anycpu
		{AB28B007-17B2-407C-8808-9D83363B2CF0}.Release|anycpu.ActiveCfg = Release|anycpu
		{AB28B007-17B2-407C-8808-9D83363B2CF0}.Release|anycpu.Build.0 = Release|anycpu
		{44341E88-E8B2-41B2-916A-CB307B32DA38}.Debug|anycpu.ActiveCfg = Debug|anycpu
		{44341E88-E8B2-41B2-916A-CB307B32DA38}.Debug|anycpu.Build.0 = Debug|anycpu
		{44341E88-E8B2-41B2-916A-CB307B32DA38}.Release|anycpu.ActiveCfg = Release|anycpu
		{44341E88-E8B2-41B2-916A-CB307B32DA38}.Release|anycpu.Build.0 = Release|anycpu
		{E8A1F21E-DFA6-4CC5-9D1A-FFFFCBB235DD}.Debug|anycpu.ActiveCfg = Debug|anycpu
		{E8A1F21E-DFA6-4CC5-9D1A-FFFFCBB235DD}.Debug|anycpu.Build.0 = Debug|anycpu
		{E8A1F21E-DFA6-4CC5-9D1A-FFFFCBB235DD}.Release|anycpu.ActiveCfg = Release|anycpu
		{E8A1F21E-DFA6-4CC5-9D1A-FFFFCBB235DD}.Release|anycpu.Build.0 = Release|anycpu
	EndGlobalSection
EndGlobal
